// !$*UTF8*$!
{
	archiveVersion = 1;
	classes = {
	};
	objectVersion = 46;
	objects = {

/* Begin PBXBuildFile section */
		128AB7F81B67F5B9000C8542 /* main.m in Sources */ = {isa = PBXBuildFile; fileRef = 128AB7F71B67F5B9000C8542 /* main.m */; };
		128AB7FB1B67F5B9000C8542 /* AppDelegate.m in Sources */ = {isa = PBXBuildFile; fileRef = 128AB7FA1B67F5B9000C8542 /* AppDelegate.m */; };
		128AB7FE1B67F5B9000C8542 /* rangeSlider.xcdatamodeld in Sources */ = {isa = PBXBuildFile; fileRef = 128AB7FC1B67F5B9000C8542 /* rangeSlider.xcdatamodeld */; };
		128AB8011B67F5B9000C8542 /* ViewController.m in Sources */ = {isa = PBXBuildFile; fileRef = 128AB8001B67F5B9000C8542 /* ViewController.m */; };
		128AB8041B67F5B9000C8542 /* Main.storyboard in Resources */ = {isa = PBXBuildFile; fileRef = 128AB8021B67F5B9000C8542 /* Main.storyboard */; };
		128AB8061B67F5B9000C8542 /* Images.xcassets in Resources */ = {isa = PBXBuildFile; fileRef = 128AB8051B67F5B9000C8542 /* Images.xcassets */; };
		128AB8091B67F5B9000C8542 /* LaunchScreen.xib in Resources */ = {isa = PBXBuildFile; fileRef = 128AB8071B67F5B9000C8542 /* LaunchScreen.xib */; };
		128AB8151B67F5BA000C8542 /* rangeSliderTests.m in Sources */ = {isa = PBXBuildFile; fileRef = 128AB8141B67F5BA000C8542 /* rangeSliderTests.m */; };
		128AB8211B67F622000C8542 /* NMRangeSlider.m in Sources */ = {isa = PBXBuildFile; fileRef = 128AB8201B67F622000C8542 /* NMRangeSlider.m */; };
		128AB82A1B67F62E000C8542 /* slider-metal-handle-highlighted.png in Resources */ = {isa = PBXBuildFile; fileRef = 128AB8221B67F62E000C8542 /* slider-metal-handle-highlighted.png */; };
		128AB82B1B67F62E000C8542 /* slider-metal-handle-highlighted@2x.png in Resources */ = {isa = PBXBuildFile; fileRef = 128AB8231B67F62E000C8542 /* slider-metal-handle-highlighted@2x.png */; };
		128AB82C1B67F62E000C8542 /* slider-metal-handle.png in Resources */ = {isa = PBXBuildFile; fileRef = 128AB8241B67F62E000C8542 /* slider-metal-handle.png */; };
		128AB82D1B67F62E000C8542 /* slider-metal-handle@2x.png in Resources */ = {isa = PBXBuildFile; fileRef = 128AB8251B67F62E000C8542 /* slider-metal-handle@2x.png */; };
		128AB82E1B67F62E000C8542 /* slider-metal-track.png in Resources */ = {isa = PBXBuildFile; fileRef = 128AB8261B67F62E000C8542 /* slider-metal-track.png */; };
		128AB82F1B67F62E000C8542 /* slider-metal-track@2x.png in Resources */ = {isa = PBXBuildFile; fileRef = 128AB8271B67F62E000C8542 /* slider-metal-track@2x.png */; };
		128AB8301B67F62E000C8542 /* slider-metal-trackBackground.png in Resources */ = {isa = PBXBuildFile; fileRef = 128AB8281B67F62E000C8542 /* slider-metal-trackBackground.png */; };
		128AB8311B67F62E000C8542 /* slider-metal-trackBackground@2x.png in Resources */ = {isa = PBXBuildFile; fileRef = 128AB8291B67F62E000C8542 /* slider-metal-trackBackground@2x.png */; };
		128AB83C1B67F638000C8542 /* slider-default-handle-highlighted.png in Resources */ = {isa = PBXBuildFile; fileRef = 128AB8321B67F638000C8542 /* slider-default-handle-highlighted.png */; };
		128AB83D1B67F638000C8542 /* slider-default-handle-highlighted@2x.png in Resources */ = {isa = PBXBuildFile; fileRef = 128AB8331B67F638000C8542 /* slider-default-handle-highlighted@2x.png */; };
		128AB83E1B67F638000C8542 /* slider-default-handle.png in Resources */ = {isa = PBXBuildFile; fileRef = 128AB8341B67F638000C8542 /* slider-default-handle.png */; };
		128AB83F1B67F638000C8542 /* slider-default-handle@2x.png in Resources */ = {isa = PBXBuildFile; fileRef = 128AB8351B67F638000C8542 /* slider-default-handle@2x.png */; };
		128AB8401B67F638000C8542 /* slider-default-track.png in Resources */ = {isa = PBXBuildFile; fileRef = 128AB8361B67F638000C8542 /* slider-default-track.png */; };
		128AB8411B67F638000C8542 /* slider-default-track@2x.png in Resources */ = {isa = PBXBuildFile; fileRef = 128AB8371B67F638000C8542 /* slider-default-track@2x.png */; };
		128AB8421B67F638000C8542 /* slider-default-trackCrossedOver.png in Resources */ = {isa = PBXBuildFile; fileRef = 128AB8381B67F638000C8542 /* slider-default-trackCrossedOver.png */; };
		128AB8431B67F638000C8542 /* slider-default-trackCrossedOver@2x.png in Resources */ = {isa = PBXBuildFile; fileRef = 128AB8391B67F638000C8542 /* slider-default-trackCrossedOver@2x.png */; };
		128AB8441B67F638000C8542 /* slider-default-trackBackground.png in Resources */ = {isa = PBXBuildFile; fileRef = 128AB83A1B67F638000C8542 /* slider-default-trackBackground.png */; };
		128AB8451B67F638000C8542 /* slider-default_trackBackground@2x.png in Resources */ = {isa = PBXBuildFile; fileRef = 128AB83B1B67F638000C8542 /* slider-default_trackBackground@2x.png */; };
		128AB84E1B67F641000C8542 /* slider-default7-trackBackground.png in Resources */ = {isa = PBXBuildFile; fileRef = 128AB8461B67F641000C8542 /* slider-default7-trackBackground.png */; };
		128AB84F1B67F641000C8542 /* slider-default7-trackBackground@2x.png in Resources */ = {isa = PBXBuildFile; fileRef = 128AB8471B67F641000C8542 /* slider-default7-trackBackground@2x.png */; };
		128AB8501B67F641000C8542 /* slider-default7-trackCrossedOver.png in Resources */ = {isa = PBXBuildFile; fileRef = 128AB8481B67F641000C8542 /* slider-default7-trackCrossedOver.png */; };
		128AB8511B67F641000C8542 /* slider-default7-trackCrossedOver@2x.png in Resources */ = {isa = PBXBuildFile; fileRef = 128AB8491B67F641000C8542 /* slider-default7-trackCrossedOver@2x.png */; };
		128AB8521B67F641000C8542 /* slider-default7-track.png in Resources */ = {isa = PBXBuildFile; fileRef = 128AB84A1B67F641000C8542 /* slider-default7-track.png */; };
		128AB8531B67F641000C8542 /* slider-default7-track@2x.png in Resources */ = {isa = PBXBuildFile; fileRef = 128AB84B1B67F641000C8542 /* slider-default7-track@2x.png */; };
		128AB8541B67F641000C8542 /* slider-default7-handle.png in Resources */ = {isa = PBXBuildFile; fileRef = 128AB84C1B67F641000C8542 /* slider-default7-handle.png */; };
		128AB8551B67F641000C8542 /* slider-default7-handle@2x.png in Resources */ = {isa = PBXBuildFile; fileRef = 128AB84D1B67F641000C8542 /* slider-default7-handle@2x.png */; };
		128AB85D1B68213D000C8542 /* CERangeSliderKnobLayer.m in Sources */ = {isa = PBXBuildFile; fileRef = 128AB8581B68213D000C8542 /* CERangeSliderKnobLayer.m */; };
		128AB85E1B68213D000C8542 /* CERangeSlider.m in Sources */ = {isa = PBXBuildFile; fileRef = 128AB85A1B68213D000C8542 /* CERangeSlider.m */; };
		128AB85F1B68213D000C8542 /* CERangeSliderTrackLayer.m in Sources */ = {isa = PBXBuildFile; fileRef = 128AB85C1B68213D000C8542 /* CERangeSliderTrackLayer.m */; };
		128B5CE31B7E347500E4FEF8 /* blue.png in Resources */ = {isa = PBXBuildFile; fileRef = 128B5CE21B7E347500E4FEF8 /* blue.png */; };
		128B5CE51B7E352400E4FEF8 /* outline.png in Resources */ = {isa = PBXBuildFile; fileRef = 128B5CE41B7E352400E4FEF8 /* outline.png */; };
		128B5CE71B7E361800E4FEF8 /* knob.png in Resources */ = {isa = PBXBuildFile; fileRef = 128B5CE61B7E361800E4FEF8 /* knob.png */; };
/* End PBXBuildFile section */

/* Begin PBXContainerItemProxy section */
		128AB80F1B67F5BA000C8542 /* PBXContainerItemProxy */ = {
			isa = PBXContainerItemProxy;
			containerPortal = 128AB7EA1B67F5B9000C8542 /* Project object */;
			proxyType = 1;
			remoteGlobalIDString = 128AB7F11B67F5B9000C8542;
			remoteInfo = rangeSlider;
		};
/* End PBXContainerItemProxy section */

/* Begin PBXFileReference section */
		128AB7F21B67F5B9000C8542 /* rangeSlider.app */ = {isa = PBXFileReference; explicitFileType = wrapper.application; includeInIndex = 0; path = rangeSlider.app; sourceTree = BUILT_PRODUCTS_DIR; };
		128AB7F61B67F5B9000C8542 /* Info.plist */ = {isa = PBXFileReference; lastKnownFileType = text.plist.xml; path = Info.plist; sourceTree = "<group>"; };
		128AB7F71B67F5B9000C8542 /* main.m */ = {isa = PBXFileReference; lastKnownFileType = sourcecode.c.objc; path = main.m; sourceTree = "<group>"; };
		128AB7F91B67F5B9000C8542 /* AppDelegate.h */ = {isa = PBXFileReference; lastKnownFileType = sourcecode.c.h; path = AppDelegate.h; sourceTree = "<group>"; };
		128AB7FA1B67F5B9000C8542 /* AppDelegate.m */ = {isa = PBXFileReference; lastKnownFileType = sourcecode.c.objc; path = AppDelegate.m; sourceTree = "<group>"; };
		128AB7FD1B67F5B9000C8542 /* rangeSlider.xcdatamodel */ = {isa = PBXFileReference; lastKnownFileType = wrapper.xcdatamodel; path = rangeSlider.xcdatamodel; sourceTree = "<group>"; };
		128AB7FF1B67F5B9000C8542 /* ViewController.h */ = {isa = PBXFileReference; lastKnownFileType = sourcecode.c.h; path = ViewController.h; sourceTree = "<group>"; };
		128AB8001B67F5B9000C8542 /* ViewController.m */ = {isa = PBXFileReference; lastKnownFileType = sourcecode.c.objc; path = ViewController.m; sourceTree = "<group>"; };
		128AB8031B67F5B9000C8542 /* Base */ = {isa = PBXFileReference; lastKnownFileType = file.storyboard; name = Base; path = Base.lproj/Main.storyboard; sourceTree = "<group>"; };
		128AB8051B67F5B9000C8542 /* Images.xcassets */ = {isa = PBXFileReference; lastKnownFileType = folder.assetcatalog; path = Images.xcassets; sourceTree = "<group>"; };
		128AB8081B67F5B9000C8542 /* Base */ = {isa = PBXFileReference; lastKnownFileType = file.xib; name = Base; path = Base.lproj/LaunchScreen.xib; sourceTree = "<group>"; };
		128AB80E1B67F5BA000C8542 /* rangeSliderTests.xctest */ = {isa = PBXFileReference; explicitFileType = wrapper.cfbundle; includeInIndex = 0; path = rangeSliderTests.xctest; sourceTree = BUILT_PRODUCTS_DIR; };
		128AB8131B67F5BA000C8542 /* Info.plist */ = {isa = PBXFileReference; lastKnownFileType = text.plist.xml; path = Info.plist; sourceTree = "<group>"; };
		128AB8141B67F5BA000C8542 /* rangeSliderTests.m */ = {isa = PBXFileReference; lastKnownFileType = sourcecode.c.objc; path = rangeSliderTests.m; sourceTree = "<group>"; };
		128AB81F1B67F622000C8542 /* NMRangeSlider.h */ = {isa = PBXFileReference; fileEncoding = 4; lastKnownFileType = sourcecode.c.h; path = NMRangeSlider.h; sourceTree = "<group>"; };
		128AB8201B67F622000C8542 /* NMRangeSlider.m */ = {isa = PBXFileReference; fileEncoding = 4; lastKnownFileType = sourcecode.c.objc; path = NMRangeSlider.m; sourceTree = "<group>"; };
		128AB8221B67F62E000C8542 /* slider-metal-handle-highlighted.png */ = {isa = PBXFileReference; lastKnownFileType = image.png; path = "slider-metal-handle-highlighted.png"; sourceTree = "<group>"; };
		128AB8231B67F62E000C8542 /* slider-metal-handle-highlighted@2x.png */ = {isa = PBXFileReference; lastKnownFileType = image.png; path = "slider-metal-handle-highlighted@2x.png"; sourceTree = "<group>"; };
		128AB8241B67F62E000C8542 /* slider-metal-handle.png */ = {isa = PBXFileReference; lastKnownFileType = image.png; path = "slider-metal-handle.png"; sourceTree = "<group>"; };
		128AB8251B67F62E000C8542 /* slider-metal-handle@2x.png */ = {isa = PBXFileReference; lastKnownFileType = image.png; path = "slider-metal-handle@2x.png"; sourceTree = "<group>"; };
		128AB8261B67F62E000C8542 /* slider-metal-track.png */ = {isa = PBXFileReference; lastKnownFileType = image.png; path = "slider-metal-track.png"; sourceTree = "<group>"; };
		128AB8271B67F62E000C8542 /* slider-metal-track@2x.png */ = {isa = PBXFileReference; lastKnownFileType = image.png; path = "slider-metal-track@2x.png"; sourceTree = "<group>"; };
		128AB8281B67F62E000C8542 /* slider-metal-trackBackground.png */ = {isa = PBXFileReference; lastKnownFileType = image.png; path = "slider-metal-trackBackground.png"; sourceTree = "<group>"; };
		128AB8291B67F62E000C8542 /* slider-metal-trackBackground@2x.png */ = {isa = PBXFileReference; lastKnownFileType = image.png; path = "slider-metal-trackBackground@2x.png"; sourceTree = "<group>"; };
		128AB8321B67F638000C8542 /* slider-default-handle-highlighted.png */ = {isa = PBXFileReference; lastKnownFileType = image.png; path = "slider-default-handle-highlighted.png"; sourceTree = "<group>"; };
		128AB8331B67F638000C8542 /* slider-default-handle-highlighted@2x.png */ = {isa = PBXFileReference; lastKnownFileType = image.png; path = "slider-default-handle-highlighted@2x.png"; sourceTree = "<group>"; };
		128AB8341B67F638000C8542 /* slider-default-handle.png */ = {isa = PBXFileReference; lastKnownFileType = image.png; path = "slider-default-handle.png"; sourceTree = "<group>"; };
		128AB8351B67F638000C8542 /* slider-default-handle@2x.png */ = {isa = PBXFileReference; lastKnownFileType = image.png; path = "slider-default-handle@2x.png"; sourceTree = "<group>"; };
		128AB8361B67F638000C8542 /* slider-default-track.png */ = {isa = PBXFileReference; lastKnownFileType = image.png; path = "slider-default-track.png"; sourceTree = "<group>"; };
		128AB8371B67F638000C8542 /* slider-default-track@2x.png */ = {isa = PBXFileReference; lastKnownFileType = image.png; path = "slider-default-track@2x.png"; sourceTree = "<group>"; };
		128AB8381B67F638000C8542 /* slider-default-trackCrossedOver.png */ = {isa = PBXFileReference; lastKnownFileType = image.png; path = "slider-default-trackCrossedOver.png"; sourceTree = "<group>"; };
		128AB8391B67F638000C8542 /* slider-default-trackCrossedOver@2x.png */ = {isa = PBXFileReference; lastKnownFileType = image.png; path = "slider-default-trackCrossedOver@2x.png"; sourceTree = "<group>"; };
		128AB83A1B67F638000C8542 /* slider-default-trackBackground.png */ = {isa = PBXFileReference; lastKnownFileType = image.png; path = "slider-default-trackBackground.png"; sourceTree = "<group>"; };
		128AB83B1B67F638000C8542 /* slider-default_trackBackground@2x.png */ = {isa = PBXFileReference; lastKnownFileType = image.png; path = "slider-default_trackBackground@2x.png"; sourceTree = "<group>"; };
		128AB8461B67F641000C8542 /* slider-default7-trackBackground.png */ = {isa = PBXFileReference; lastKnownFileType = image.png; path = "slider-default7-trackBackground.png"; sourceTree = "<group>"; };
		128AB8471B67F641000C8542 /* slider-default7-trackBackground@2x.png */ = {isa = PBXFileReference; lastKnownFileType = image.png; path = "slider-default7-trackBackground@2x.png"; sourceTree = "<group>"; };
		128AB8481B67F641000C8542 /* slider-default7-trackCrossedOver.png */ = {isa = PBXFileReference; lastKnownFileType = image.png; path = "slider-default7-trackCrossedOver.png"; sourceTree = "<group>"; };
		128AB8491B67F641000C8542 /* slider-default7-trackCrossedOver@2x.png */ = {isa = PBXFileReference; lastKnownFileType = image.png; path = "slider-default7-trackCrossedOver@2x.png"; sourceTree = "<group>"; };
		128AB84A1B67F641000C8542 /* slider-default7-track.png */ = {isa = PBXFileReference; lastKnownFileType = image.png; path = "slider-default7-track.png"; sourceTree = "<group>"; };
		128AB84B1B67F641000C8542 /* slider-default7-track@2x.png */ = {isa = PBXFileReference; lastKnownFileType = image.png; path = "slider-default7-track@2x.png"; sourceTree = "<group>"; };
		128AB84C1B67F641000C8542 /* slider-default7-handle.png */ = {isa = PBXFileReference; lastKnownFileType = image.png; path = "slider-default7-handle.png"; sourceTree = "<group>"; };
		128AB84D1B67F641000C8542 /* slider-default7-handle@2x.png */ = {isa = PBXFileReference; lastKnownFileType = image.png; path = "slider-default7-handle@2x.png"; sourceTree = "<group>"; };
		128AB8571B68213D000C8542 /* CERangeSliderKnobLayer.h */ = {isa = PBXFileReference; fileEncoding = 4; lastKnownFileType = sourcecode.c.h; path = CERangeSliderKnobLayer.h; sourceTree = "<group>"; };
		128AB8581B68213D000C8542 /* CERangeSliderKnobLayer.m */ = {isa = PBXFileReference; fileEncoding = 4; lastKnownFileType = sourcecode.c.objc; path = CERangeSliderKnobLayer.m; sourceTree = "<group>"; };
		128AB8591B68213D000C8542 /* CERangeSlider.h */ = {isa = PBXFileReference; fileEncoding = 4; lastKnownFileType = sourcecode.c.h; path = CERangeSlider.h; sourceTree = "<group>"; };
		128AB85A1B68213D000C8542 /* CERangeSlider.m */ = {isa = PBXFileReference; fileEncoding = 4; lastKnownFileType = sourcecode.c.objc; path = CERangeSlider.m; sourceTree = "<group>"; };
		128AB85B1B68213D000C8542 /* CERangeSliderTrackLayer.h */ = {isa = PBXFileReference; fileEncoding = 4; lastKnownFileType = sourcecode.c.h; path = CERangeSliderTrackLayer.h; sourceTree = "<group>"; };
		128AB85C1B68213D000C8542 /* CERangeSliderTrackLayer.m */ = {isa = PBXFileReference; fileEncoding = 4; lastKnownFileType = sourcecode.c.objc; path = CERangeSliderTrackLayer.m; sourceTree = "<group>"; };
		128B5CE21B7E347500E4FEF8 /* blue.png */ = {isa = PBXFileReference; lastKnownFileType = image.png; path = blue.png; sourceTree = "<group>"; };
		128B5CE41B7E352400E4FEF8 /* outline.png */ = {isa = PBXFileReference; lastKnownFileType = image.png; path = outline.png; sourceTree = "<group>"; };
		128B5CE61B7E361800E4FEF8 /* knob.png */ = {isa = PBXFileReference; lastKnownFileType = image.png; path = knob.png; sourceTree = "<group>"; };
/* End PBXFileReference section */

/* Begin PBXFrameworksBuildPhase section */
		128AB7EF1B67F5B9000C8542 /* Frameworks */ = {
			isa = PBXFrameworksBuildPhase;
			buildActionMask = 2147483647;
			files = (
			);
			runOnlyForDeploymentPostprocessing = 0;
		};
		128AB80B1B67F5BA000C8542 /* Frameworks */ = {
			isa = PBXFrameworksBuildPhase;
			buildActionMask = 2147483647;
			files = (
			);
			runOnlyForDeploymentPostprocessing = 0;
		};
/* End PBXFrameworksBuildPhase section */

/* Begin PBXGroup section */
		128AB7E91B67F5B9000C8542 = {
			isa = PBXGroup;
			children = (
				128AB7F41B67F5B9000C8542 /* rangeSlider */,
				128AB8111B67F5BA000C8542 /* rangeSliderTests */,
				128AB7F31B67F5B9000C8542 /* Products */,
			);
			sourceTree = "<group>";
		};
		128AB7F31B67F5B9000C8542 /* Products */ = {
			isa = PBXGroup;
			children = (
				128AB7F21B67F5B9000C8542 /* rangeSlider.app */,
				128AB80E1B67F5BA000C8542 /* rangeSliderTests.xctest */,
			);
			name = Products;
			sourceTree = "<group>";
		};
		128AB7F41B67F5B9000C8542 /* rangeSlider */ = {
			isa = PBXGroup;
			children = (
				128AB8561B682126000C8542 /* library 2 */,
				128AB81E1B67F60A000C8542 /* library */,
				128AB7F91B67F5B9000C8542 /* AppDelegate.h */,
				128AB7FA1B67F5B9000C8542 /* AppDelegate.m */,
				128AB7FF1B67F5B9000C8542 /* ViewController.h */,
				128AB8001B67F5B9000C8542 /* ViewController.m */,
				128AB8021B67F5B9000C8542 /* Main.storyboard */,
				128AB8051B67F5B9000C8542 /* Images.xcassets */,
				128AB8071B67F5B9000C8542 /* LaunchScreen.xib */,
				128AB7FC1B67F5B9000C8542 /* rangeSlider.xcdatamodeld */,
				128AB7F51B67F5B9000C8542 /* Supporting Files */,
			);
			path = rangeSlider;
			sourceTree = "<group>";
		};
		128AB7F51B67F5B9000C8542 /* Supporting Files */ = {
			isa = PBXGroup;
			children = (
				128AB7F61B67F5B9000C8542 /* Info.plist */,
				128AB7F71B67F5B9000C8542 /* main.m */,
			);
			name = "Supporting Files";
			sourceTree = "<group>";
		};
		128AB8111B67F5BA000C8542 /* rangeSliderTests */ = {
			isa = PBXGroup;
			children = (
				128AB8141B67F5BA000C8542 /* rangeSliderTests.m */,
				128AB8121B67F5BA000C8542 /* Supporting Files */,
			);
			path = rangeSliderTests;
			sourceTree = "<group>";
		};
		128AB8121B67F5BA000C8542 /* Supporting Files */ = {
			isa = PBXGroup;
			children = (
				128AB8131B67F5BA000C8542 /* Info.plist */,
			);
			name = "Supporting Files";
			sourceTree = "<group>";
		};
		128AB81E1B67F60A000C8542 /* library */ = {
			isa = PBXGroup;
			children = (
				128AB8461B67F641000C8542 /* slider-default7-trackBackground.png */,
				128AB8471B67F641000C8542 /* slider-default7-trackBackground@2x.png */,
				128AB8481B67F641000C8542 /* slider-default7-trackCrossedOver.png */,
				128AB8491B67F641000C8542 /* slider-default7-trackCrossedOver@2x.png */,
				128AB84A1B67F641000C8542 /* slider-default7-track.png */,
				128AB84B1B67F641000C8542 /* slider-default7-track@2x.png */,
				128AB84C1B67F641000C8542 /* slider-default7-handle.png */,
				128AB84D1B67F641000C8542 /* slider-default7-handle@2x.png */,
				128AB8321B67F638000C8542 /* slider-default-handle-highlighted.png */,
				128AB8331B67F638000C8542 /* slider-default-handle-highlighted@2x.png */,
				128AB8341B67F638000C8542 /* slider-default-handle.png */,
				128AB8351B67F638000C8542 /* slider-default-handle@2x.png */,
				128AB8361B67F638000C8542 /* slider-default-track.png */,
				128AB8371B67F638000C8542 /* slider-default-track@2x.png */,
				128AB8381B67F638000C8542 /* slider-default-trackCrossedOver.png */,
				128B5CE21B7E347500E4FEF8 /* blue.png */,
				128AB8391B67F638000C8542 /* slider-default-trackCrossedOver@2x.png */,
				128AB83A1B67F638000C8542 /* slider-default-trackBackground.png */,
				128AB83B1B67F638000C8542 /* slider-default_trackBackground@2x.png */,
				128AB8221B67F62E000C8542 /* slider-metal-handle-highlighted.png */,
				128AB8231B67F62E000C8542 /* slider-metal-handle-highlighted@2x.png */,
				128B5CE41B7E352400E4FEF8 /* outline.png */,
				128B5CE61B7E361800E4FEF8 /* knob.png */,
				128AB8241B67F62E000C8542 /* slider-metal-handle.png */,
				128AB8251B67F62E000C8542 /* slider-metal-handle@2x.png */,
				128AB8261B67F62E000C8542 /* slider-metal-track.png */,
				128AB8271B67F62E000C8542 /* slider-metal-track@2x.png */,
				128AB8281B67F62E000C8542 /* slider-metal-trackBackground.png */,
				128AB8291B67F62E000C8542 /* slider-metal-trackBackground@2x.png */,
				128AB81F1B67F622000C8542 /* NMRangeSlider.h */,
				128AB8201B67F622000C8542 /* NMRangeSlider.m */,
			);
			name = library;
			sourceTree = "<group>";
		};
		128AB8561B682126000C8542 /* library 2 */ = {
			isa = PBXGroup;
			children = (
				128AB8571B68213D000C8542 /* CERangeSliderKnobLayer.h */,
				128AB8581B68213D000C8542 /* CERangeSliderKnobLayer.m */,
				128AB8591B68213D000C8542 /* CERangeSlider.h */,
				128AB85A1B68213D000C8542 /* CERangeSlider.m */,
				128AB85B1B68213D000C8542 /* CERangeSliderTrackLayer.h */,
				128AB85C1B68213D000C8542 /* CERangeSliderTrackLayer.m */,
			);
			name = "library 2";
			sourceTree = "<group>";
		};
/* End PBXGroup section */

/* Begin PBXNativeTarget section */
		128AB7F11B67F5B9000C8542 /* rangeSlider */ = {
			isa = PBXNativeTarget;
			buildConfigurationList = 128AB8181B67F5BA000C8542 /* Build configuration list for PBXNativeTarget "rangeSlider" */;
			buildPhases = (
				128AB7EE1B67F5B9000C8542 /* Sources */,
				128AB7EF1B67F5B9000C8542 /* Frameworks */,
				128AB7F01B67F5B9000C8542 /* Resources */,
			);
			buildRules = (
			);
			dependencies = (
			);
			name = rangeSlider;
			productName = rangeSlider;
			productReference = 128AB7F21B67F5B9000C8542 /* rangeSlider.app */;
			productType = "com.apple.product-type.application";
		};
		128AB80D1B67F5BA000C8542 /* rangeSliderTests */ = {
			isa = PBXNativeTarget;
			buildConfigurationList = 128AB81B1B67F5BA000C8542 /* Build configuration list for PBXNativeTarget "rangeSliderTests" */;
			buildPhases = (
				128AB80A1B67F5BA000C8542 /* Sources */,
				128AB80B1B67F5BA000C8542 /* Frameworks */,
				128AB80C1B67F5BA000C8542 /* Resources */,
			);
			buildRules = (
			);
			dependencies = (
				128AB8101B67F5BA000C8542 /* PBXTargetDependency */,
			);
			name = rangeSliderTests;
			productName = rangeSliderTests;
			productReference = 128AB80E1B67F5BA000C8542 /* rangeSliderTests.xctest */;
			productType = "com.apple.product-type.bundle.unit-test";
		};
/* End PBXNativeTarget section */

/* Begin PBXProject section */
		128AB7EA1B67F5B9000C8542 /* Project object */ = {
			isa = PBXProject;
			attributes = {
				LastUpgradeCheck = 0640;
				ORGANIZATIONNAME = "Emerge Media";
				TargetAttributes = {
					128AB7F11B67F5B9000C8542 = {
						CreatedOnToolsVersion = 6.4;
					};
					128AB80D1B67F5BA000C8542 = {
						CreatedOnToolsVersion = 6.4;
						TestTargetID = 128AB7F11B67F5B9000C8542;
					};
				};
			};
			buildConfigurationList = 128AB7ED1B67F5B9000C8542 /* Build configuration list for PBXProject "rangeSlider" */;
			compatibilityVersion = "Xcode 3.2";
			developmentRegion = English;
			hasScannedForEncodings = 0;
			knownRegions = (
				en,
				Base,
			);
			mainGroup = 128AB7E91B67F5B9000C8542;
			productRefGroup = 128AB7F31B67F5B9000C8542 /* Products */;
			projectDirPath = "";
			projectRoot = "";
			targets = (
				128AB7F11B67F5B9000C8542 /* rangeSlider */,
				128AB80D1B67F5BA000C8542 /* rangeSliderTests */,
			);
		};
/* End PBXProject section */

/* Begin PBXResourcesBuildPhase section */
		128AB7F01B67F5B9000C8542 /* Resources */ = {
			isa = PBXResourcesBuildPhase;
			buildActionMask = 2147483647;
			files = (
				128AB8441B67F638000C8542 /* slider-default-trackBackground.png in Resources */,
				128AB8511B67F641000C8542 /* slider-default7-trackCrossedOver@2x.png in Resources */,
				128AB83E1B67F638000C8542 /* slider-default-handle.png in Resources */,
				128AB8311B67F62E000C8542 /* slider-metal-trackBackground@2x.png in Resources */,
				128AB8401B67F638000C8542 /* slider-default-track.png in Resources */,
				128B5CE71B7E361800E4FEF8 /* knob.png in Resources */,
				128AB8501B67F641000C8542 /* slider-default7-trackCrossedOver.png in Resources */,
				128AB83F1B67F638000C8542 /* slider-default-handle@2x.png in Resources */,
				128AB8421B67F638000C8542 /* slider-default-trackCrossedOver.png in Resources */,
				128AB8301B67F62E000C8542 /* slider-metal-trackBackground.png in Resources */,
				128AB82A1B67F62E000C8542 /* slider-metal-handle-highlighted.png in Resources */,
				128AB84E1B67F641000C8542 /* slider-default7-trackBackground.png in Resources */,
				128AB8041B67F5B9000C8542 /* Main.storyboard in Resources */,
				128AB84F1B67F641000C8542 /* slider-default7-trackBackground@2x.png in Resources */,
				128AB8411B67F638000C8542 /* slider-default-track@2x.png in Resources */,
				128AB82D1B67F62E000C8542 /* slider-metal-handle@2x.png in Resources */,
				128AB8551B67F641000C8542 /* slider-default7-handle@2x.png in Resources */,
				128AB8531B67F641000C8542 /* slider-default7-track@2x.png in Resources */,
				128AB8451B67F638000C8542 /* slider-default_trackBackground@2x.png in Resources */,
				128AB8431B67F638000C8542 /* slider-default-trackCrossedOver@2x.png in Resources */,
				128AB8541B67F641000C8542 /* slider-default7-handle.png in Resources */,
				128AB8091B67F5B9000C8542 /* LaunchScreen.xib in Resources */,
				128AB8521B67F641000C8542 /* slider-default7-track.png in Resources */,
				128AB83D1B67F638000C8542 /* slider-default-handle-highlighted@2x.png in Resources */,
				128AB82F1B67F62E000C8542 /* slider-metal-track@2x.png in Resources */,
				128AB8061B67F5B9000C8542 /* Images.xcassets in Resources */,
				128B5CE31B7E347500E4FEF8 /* blue.png in Resources */,
				128AB83C1B67F638000C8542 /* slider-default-handle-highlighted.png in Resources */,
				128AB82C1B67F62E000C8542 /* slider-metal-handle.png in Resources */,
				128AB82E1B67F62E000C8542 /* slider-metal-track.png in Resources */,
				128B5CE51B7E352400E4FEF8 /* outline.png in Resources */,
				128AB82B1B67F62E000C8542 /* slider-metal-handle-highlighted@2x.png in Resources */,
			);
			runOnlyForDeploymentPostprocessing = 0;
		};
		128AB80C1B67F5BA000C8542 /* Resources */ = {
			isa = PBXResourcesBuildPhase;
			buildActionMask = 2147483647;
			files = (
			);
			runOnlyForDeploymentPostprocessing = 0;
		};
/* End PBXResourcesBuildPhase section */

/* Begin PBXSourcesBuildPhase section */
		128AB7EE1B67F5B9000C8542 /* Sources */ = {
			isa = PBXSourcesBuildPhase;
			buildActionMask = 2147483647;
			files = (
				128AB7FB1B67F5B9000C8542 /* AppDelegate.m in Sources */,
				128AB7FE1B67F5B9000C8542 /* rangeSlider.xcdatamodeld in Sources */,
				128AB85D1B68213D000C8542 /* CERangeSliderKnobLayer.m in Sources */,
				128AB8011B67F5B9000C8542 /* ViewController.m in Sources */,
				128AB8211B67F622000C8542 /* NMRangeSlider.m in Sources */,
				128AB7F81B67F5B9000C8542 /* main.m in Sources */,
				128AB85F1B68213D000C8542 /* CERangeSliderTrackLayer.m in Sources */,
				128AB85E1B68213D000C8542 /* CERangeSlider.m in Sources */,
			);
			runOnlyForDeploymentPostprocessing = 0;
		};
		128AB80A1B67F5BA000C8542 /* Sources */ = {
			isa = PBXSourcesBuildPhase;
			buildActionMask = 2147483647;
			files = (
				128AB8151B67F5BA000C8542 /* rangeSliderTests.m in Sources */,
			);
			runOnlyForDeploymentPostprocessing = 0;
		};
/* End PBXSourcesBuildPhase section */

/* Begin PBXTargetDependency section */
		128AB8101B67F5BA000C8542 /* PBXTargetDependency */ = {
			isa = PBXTargetDependency;
			target = 128AB7F11B67F5B9000C8542 /* rangeSlider */;
			targetProxy = 128AB80F1B67F5BA000C8542 /* PBXContainerItemProxy */;
		};
/* End PBXTargetDependency section */

/* Begin PBXVariantGroup section */
		128AB8021B67F5B9000C8542 /* Main.storyboard */ = {
			isa = PBXVariantGroup;
			children = (
				128AB8031B67F5B9000C8542 /* Base */,
			);
			name = Main.storyboard;
			sourceTree = "<group>";
		};
		128AB8071B67F5B9000C8542 /* LaunchScreen.xib */ = {
			isa = PBXVariantGroup;
			children = (
				128AB8081B67F5B9000C8542 /* Base */,
			);
			name = LaunchScreen.xib;
			sourceTree = "<group>";
		};
/* End PBXVariantGroup section */

/* Begin XCBuildConfiguration section */
		128AB8161B67F5BA000C8542 /* Debug */ = {
			isa = XCBuildConfiguration;
			buildSettings = {
				ALWAYS_SEARCH_USER_PATHS = NO;
				CLANG_CXX_LANGUAGE_STANDARD = "gnu++0x";
				CLANG_CXX_LIBRARY = "libc++";
				CLANG_ENABLE_MODULES = YES;
				CLANG_ENABLE_OBJC_ARC = YES;
				CLANG_WARN_BOOL_CONVERSION = YES;
				CLANG_WARN_CONSTANT_CONVERSION = YES;
				CLANG_WARN_DIRECT_OBJC_ISA_USAGE = YES_ERROR;
				CLANG_WARN_EMPTY_BODY = YES;
				CLANG_WARN_ENUM_CONVERSION = YES;
				CLANG_WARN_INT_CONVERSION = YES;
				CLANG_WARN_OBJC_ROOT_CLASS = YES_ERROR;
				CLANG_WARN_UNREACHABLE_CODE = YES;
				CLANG_WARN__DUPLICATE_METHOD_MATCH = YES;
				"CODE_SIGN_IDENTITY[sdk=iphoneos*]" = "iPhone Developer";
				COPY_PHASE_STRIP = NO;
				DEBUG_INFORMATION_FORMAT = "dwarf-with-dsym";
				ENABLE_STRICT_OBJC_MSGSEND = YES;
				GCC_C_LANGUAGE_STANDARD = gnu99;
				GCC_DYNAMIC_NO_PIC = NO;
				GCC_NO_COMMON_BLOCKS = YES;
				GCC_OPTIMIZATION_LEVEL = 0;
				GCC_PREPROCESSOR_DEFINITIONS = (
					"DEBUG=1",
					"$(inherited)",
				);
				GCC_SYMBOLS_PRIVATE_EXTERN = NO;
				GCC_WARN_64_TO_32_BIT_CONVERSION = YES;
				GCC_WARN_ABOUT_RETURN_TYPE = YES_ERROR;
				GCC_WARN_UNDECLARED_SELECTOR = YES;
				GCC_WARN_UNINITIALIZED_AUTOS = YES_AGGRESSIVE;
				GCC_WARN_UNUSED_FUNCTION = YES;
				GCC_WARN_UNUSED_VARIABLE = YES;
				IPHONEOS_DEPLOYMENT_TARGET = 8.4;
				MTL_ENABLE_DEBUG_INFO = YES;
				ONLY_ACTIVE_ARCH = YES;
				SDKROOT = iphoneos;
				TARGETED_DEVICE_FAMILY = "1,2";
			};
			name = Debug;
		};
		128AB8171B67F5BA000C8542 /* Release */ = {
			isa = XCBuildConfiguration;
			buildSettings = {
				ALWAYS_SEARCH_USER_PATHS = NO;
				CLANG_CXX_LANGUAGE_STANDARD = "gnu++0x";
				CLANG_CXX_LIBRARY = "libc++";
				CLANG_ENABLE_MODULES = YES;
				CLANG_ENABLE_OBJC_ARC = YES;
				CLANG_WARN_BOOL_CONVERSION = YES;
				CLANG_WARN_CONSTANT_CONVERSION = YES;
				CLANG_WARN_DIRECT_OBJC_ISA_USAGE = YES_ERROR;
				CLANG_WARN_EMPTY_BODY = YES;
				CLANG_WARN_ENUM_CONVERSION = YES;
				CLANG_WARN_INT_CONVERSION = YES;
				CLANG_WARN_OBJC_ROOT_CLASS = YES_ERROR;
				CLANG_WARN_UNREACHABLE_CODE = YES;
				CLANG_WARN__DUPLICATE_METHOD_MATCH = YES;
				"CODE_SIGN_IDENTITY[sdk=iphoneos*]" = "iPhone Developer";
				COPY_PHASE_STRIP = NO;
				DEBUG_INFORMATION_FORMAT = "dwarf-with-dsym";
				ENABLE_NS_ASSERTIONS = NO;
				ENABLE_STRICT_OBJC_MSGSEND = YES;
				GCC_C_LANGUAGE_STANDARD = gnu99;
				GCC_NO_COMMON_BLOCKS = YES;
				GCC_WARN_64_TO_32_BIT_CONVERSION = YES;
				GCC_WARN_ABOUT_RETURN_TYPE = YES_ERROR;
				GCC_WARN_UNDECLARED_SELECTOR = YES;
				GCC_WARN_UNINITIALIZED_AUTOS = YES_AGGRESSIVE;
				GCC_WARN_UNUSED_FUNCTION = YES;
				GCC_WARN_UNUSED_VARIABLE = YES;
				IPHONEOS_DEPLOYMENT_TARGET = 8.4;
				MTL_ENABLE_DEBUG_INFO = NO;
				SDKROOT = iphoneos;
				TARGETED_DEVICE_FAMILY = "1,2";
				VALIDATE_PRODUCT = YES;
			};
			name = Release;
		};
		128AB8191B67F5BA000C8542 /* Debug */ = {
			isa = XCBuildConfiguration;
			buildSettings = {
				ASSETCATALOG_COMPILER_APPICON_NAME = AppIcon;
				INFOPLIST_FILE = rangeSlider/Info.plist;
				LD_RUNPATH_SEARCH_PATHS = "$(inherited) @executable_path/Frameworks";
				PRODUCT_NAME = "$(TARGET_NAME)";
			};
			name = Debug;
		};
		128AB81A1B67F5BA000C8542 /* Release */ = {
			isa = XCBuildConfiguration;
			buildSettings = {
				ASSETCATALOG_COMPILER_APPICON_NAME = AppIcon;
				INFOPLIST_FILE = rangeSlider/Info.plist;
				LD_RUNPATH_SEARCH_PATHS = "$(inherited) @executable_path/Frameworks";
				PRODUCT_NAME = "$(TARGET_NAME)";
			};
			name = Release;
		};
		128AB81C1B67F5BA000C8542 /* Debug */ = {
			isa = XCBuildConfiguration;
			buildSettings = {
				BUNDLE_LOADER = "$(TEST_HOST)";
				FRAMEWORK_SEARCH_PATHS = (
					"$(SDKROOT)/Developer/Library/Frameworks",
					"$(inherited)",
				);
				GCC_PREPROCESSOR_DEFINITIONS = (
					"DEBUG=1",
					"$(inherited)",
				);
				INFOPLIST_FILE = rangeSliderTests/Info.plist;
				LD_RUNPATH_SEARCH_PATHS = "$(inherited) @executable_path/Frameworks @loader_path/Frameworks";
				PRODUCT_NAME = "$(TARGET_NAME)";
				TEST_HOST = "$(BUILT_PRODUCTS_DIR)/rangeSlider.app/rangeSlider";
			};
			name = Debug;
		};
		128AB81D1B67F5BA000C8542 /* Release */ = {
			isa = XCBuildConfiguration;
			buildSettings = {
				BUNDLE_LOADER = "$(TEST_HOST)";
				FRAMEWORK_SEARCH_PATHS = (
					"$(SDKROOT)/Developer/Library/Frameworks",
					"$(inherited)",
				);
				INFOPLIST_FILE = rangeSliderTests/Info.plist;
				LD_RUNPATH_SEARCH_PATHS = "$(inherited) @executable_path/Frameworks @loader_path/Frameworks";
				PRODUCT_NAME = "$(TARGET_NAME)";
				TEST_HOST = "$(BUILT_PRODUCTS_DIR)/rangeSlider.app/rangeSlider";
			};
			name = Release;
		};
/* End XCBuildConfiguration section */

/* Begin XCConfigurationList section */
		128AB7ED1B67F5B9000C8542 /* Build configuration list for PBXProject "rangeSlider" */ = {
			isa = XCConfigurationList;
			buildConfigurations = (
				128AB8161B67F5BA000C8542 /* Debug */,
				128AB8171B67F5BA000C8542 /* Release */,
			);
			defaultConfigurationIsVisible = 0;
			defaultConfigurationName = Release;
		};
		128AB8181B67F5BA000C8542 /* Build configuration list for PBXNativeTarget "rangeSlider" */ = {
			isa = XCConfigurationList;
			buildConfigurations = (
				128AB8191B67F5BA000C8542 /* Debug */,
				128AB81A1B67F5BA000C8542 /* Release */,
			);
			defaultConfigurationIsVisible = 0;
			defaultConfigurationName = Release;
		};
		128AB81B1B67F5BA000C8542 /* Build configuration list for PBXNativeTarget "rangeSliderTests" */ = {
			isa = XCConfigurationList;
			buildConfigurations = (
				128AB81C1B67F5BA000C8542 /* Debug */,
				128AB81D1B67F5BA000C8542 /* Release */,
			);
			defaultConfigurationIsVisible = 0;
			defaultConfigurationName = Release;
		};
/* End XCConfigurationList section */

/* Begin XCVersionGroup section */
		128AB7FC1B67F5B9000C8542 /* rangeSlider.xcdatamodeld */ = {
			isa = XCVersionGroup;
			children = (
				128AB7FD1B67F5B9000C8542 /* rangeSlider.xcdatamodel */,
			);
			currentVersion = 128AB7FD1B67F5B9000C8542 /* rangeSlider.xcdatamodel */;
			path = rangeSlider.xcdatamodeld;
			sourceTree = "<group>";
			versionGroupType = wrapper.xcdatamodel;
		};
/* End XCVersionGroup section */
	};
	rootObject = 128AB7EA1B67F5B9000C8542 /* Project object */;
}
